PODS:
  - GPUImage (0.1.6)
  - libextobjc/EXTScope (0.4.1):
    - libextobjc/RuntimeExtensions
  - libextobjc/RuntimeExtensions (0.4.1)

DEPENDENCIES:
  - GPUImage (~> 0.1)
  - libextobjc/EXTScope (~> 0.4)

SPEC CHECKSUMS:
  GPUImage: 4675ce4a5370ca92fcea8623b2a08b8f0c51b940
  libextobjc: a650fc1bf489a3d3a9bc2e621efa3e1006fc5471

COCOAPODS: 0.37.1
